
Microsoft Visual Studio Solution File, Format Version 12.00
# Visual Studio Version 16
VisualStudioVersion = 16.0.810.11
MinimumVisualStudioVersion = 10.0.40219.1
Project("{FAE04EC0-301F-11D3-BF4B-00C04F79EFBC}") = "MVCMovies", "MVCMovies.csproj", "{1EB49211-9375-4D9C-93B3-D7A32AF9BD77}"
EndProject
Global
	GlobalSection(SolutionConfigurationPlatforms) = preSolution
		Debug|Any CPU = Debug|Any CPU
		Release|Any CPU = Release|Any CPU
	EndGlobalSection
	GlobalSection(ProjectConfigurationPlatforms) = postSolution
		{1EB49211-9375-4D9C-93B3-D7A32AF9BD77}.Debug|Any CPU.ActiveCfg = Debug|Any CPU
		{1EB49211-9375-4D9C-93B3-D7A32AF9BD77}.Debug|Any CPU.Build.0 = Debug|Any CPU
		{1EB49211-9375-4D9C-93B3-D7A32AF9BD77}.Release|Any CPU.ActiveCfg = Release|Any CPU
		{1EB49211-9375-4D9C-93B3-D7A32AF9BD77}.Release|Any CPU.Build.0 = Release|Any CPU
	EndGlobalSection
	GlobalSection(SolutionProperties) = preSolution
		HideSolutionNode = FALSE
	EndGlobalSection
	GlobalSection(ExtensibilityGlobals) = postSolution
		SolutionGuid = {894E3975-932B-4FBD-BEE0-2DA34E4CE37F}
	EndGlobalSection
EndGlobal
